
Microsoft Visual Studio Solution File, Format Version 12.00
# Visual Studio Version 17
VisualStudioVersion = 17.8.34309.116
MinimumVisualStudioVersion = 10.0.40219.1
Project("{2150E333-8FDC-42A3-9474-1A3956D46DE8}") = "Tests", "Tests", "{61478B2C-77D6-44C9-B886-8EE8D6ECC698}"
EndProject
Project("{2150E333-8FDC-42A3-9474-1A3956D46DE8}") = "Libraries", "Libraries", "{DDC6E9F5-8DC4-4597-9D23-51E10D97BDFE}"
EndProject
Project("{2150E333-8FDC-42A3-9474-1A3956D46DE8}") = "Application", "Application", "{2BE97BE7-B47D-439F-8AF0-CA97C36BCC8B}"
EndProject
Project("{00D1A9C2-B5F0-4AF3-8072-F6C62B433612}") = "database", "database\database.sqlproj", "{9E6605A3-D033-4FB0-8A0E-98DABA9EDED9}"
EndProject
Project("{FAE04EC0-301F-11D3-BF4B-00C04F79EFBC}") = "SheepBot.Application", "src\SheepBot.Application\SheepBot.Application.csproj", "{0ADC4CB3-9FEF-438F-B98A-937A6FA7E543}"
EndProject
Project("{FAE04EC0-301F-11D3-BF4B-00C04F79EFBC}") = "SheepBot.Domain", "src\SheepBot.Domain\SheepBot.Domain.csproj", "{30360472-5220-420F-8A1A-0C3ADF4F293A}"
EndProject
Project("{FAE04EC0-301F-11D3-BF4B-00C04F79EFBC}") = "SheepBot.Infrastructure", "src\SheepBot.Infrastructure\SheepBot.Infrastructure.csproj", "{EE1ACE1E-7B88-42C5-A820-D854F737CD3B}"
EndProject
Project("{FAE04EC0-301F-11D3-BF4B-00C04F79EFBC}") = "SheepBot.iRacing.Client", "src\SheepBot.iRacing.Client\SheepBot.iRacing.Client.csproj", "{B345C073-E34F-4685-A2C9-38003D31865E}"
EndProject
Project("{FAE04EC0-301F-11D3-BF4B-00C04F79EFBC}") = "SheepBot.iRacing.Client.Tests", "test\SheepBot.iRacing.Client.Tests\SheepBot.iRacing.Client.Tests.csproj", "{4826F680-D58D-4CE1-B412-2DAC61C480BB}"
EndProject
Project("{FAE04EC0-301F-11D3-BF4B-00C04F79EFBC}") = "SheepBot", "src\SheepBot\SheepBot.csproj", "{BC59ED30-D5B9-4522-A3B5-AA4571AC8A3B}"
EndProject
Project("{FAE04EC0-301F-11D3-BF4B-00C04F79EFBC}") = "SheepBot.SyncWorkers", "src\SheepBot.SyncWorkers\SheepBot.SyncWorkers.csproj", "{30F0BD88-66EE-4BC8-8915-DA531E4BBAD4}"
EndProject
Global
	GlobalSection(SolutionConfigurationPlatforms) = preSolution
		Debug|Any CPU = Debug|Any CPU
		Release|Any CPU = Release|Any CPU
	EndGlobalSection
	GlobalSection(ProjectConfigurationPlatforms) = postSolution
		{9E6605A3-D033-4FB0-8A0E-98DABA9EDED9}.Debug|Any CPU.ActiveCfg = Debug|Any CPU
		{9E6605A3-D033-4FB0-8A0E-98DABA9EDED9}.Debug|Any CPU.Build.0 = Debug|Any CPU
		{9E6605A3-D033-4FB0-8A0E-98DABA9EDED9}.Debug|Any CPU.Deploy.0 = Debug|Any CPU
		{9E6605A3-D033-4FB0-8A0E-98DABA9EDED9}.Release|Any CPU.ActiveCfg = Release|Any CPU
		{9E6605A3-D033-4FB0-8A0E-98DABA9EDED9}.Release|Any CPU.Build.0 = Release|Any CPU
		{9E6605A3-D033-4FB0-8A0E-98DABA9EDED9}.Release|Any CPU.Deploy.0 = Release|Any CPU
		{0ADC4CB3-9FEF-438F-B98A-937A6FA7E543}.Debug|Any CPU.ActiveCfg = Debug|Any CPU
		{0ADC4CB3-9FEF-438F-B98A-937A6FA7E543}.Debug|Any CPU.Build.0 = Debug|Any CPU
		{0ADC4CB3-9FEF-438F-B98A-937A6FA7E543}.Release|Any CPU.ActiveCfg = Release|Any CPU
		{0ADC4CB3-9FEF-438F-B98A-937A6FA7E543}.Release|Any CPU.Build.0 = Release|Any CPU
		{30360472-5220-420F-8A1A-0C3ADF4F293A}.Debug|Any CPU.ActiveCfg = Debug|Any CPU
		{30360472-5220-420F-8A1A-0C3ADF4F293A}.Debug|Any CPU.Build.0 = Debug|Any CPU
		{30360472-5220-420F-8A1A-0C3ADF4F293A}.Release|Any CPU.ActiveCfg = Release|Any CPU
		{30360472-5220-420F-8A1A-0C3ADF4F293A}.Release|Any CPU.Build.0 = Release|Any CPU
		{EE1ACE1E-7B88-42C5-A820-D854F737CD3B}.Debug|Any CPU.ActiveCfg = Debug|Any CPU
		{EE1ACE1E-7B88-42C5-A820-D854F737CD3B}.Debug|Any CPU.Build.0 = Debug|Any CPU
		{EE1ACE1E-7B88-42C5-A820-D854F737CD3B}.Release|Any CPU.ActiveCfg = Release|Any CPU
		{EE1ACE1E-7B88-42C5-A820-D854F737CD3B}.Release|Any CPU.Build.0 = Release|Any CPU
		{B345C073-E34F-4685-A2C9-38003D31865E}.Debug|Any CPU.ActiveCfg = Debug|Any CPU
		{B345C073-E34F-4685-A2C9-38003D31865E}.Debug|Any CPU.Build.0 = Debug|Any CPU
		{B345C073-E34F-4685-A2C9-38003D31865E}.Release|Any CPU.ActiveCfg = Release|Any CPU
		{B345C073-E34F-4685-A2C9-38003D31865E}.Release|Any CPU.Build.0 = Release|Any CPU
		{4826F680-D58D-4CE1-B412-2DAC61C480BB}.Debug|Any CPU.ActiveCfg = Debug|Any CPU
		{4826F680-D58D-4CE1-B412-2DAC61C480BB}.Debug|Any CPU.Build.0 = Debug|Any CPU
		{4826F680-D58D-4CE1-B412-2DAC61C480BB}.Release|Any CPU.ActiveCfg = Release|Any CPU
		{4826F680-D58D-4CE1-B412-2DAC61C480BB}.Release|Any CPU.Build.0 = Release|Any CPU
		{BC59ED30-D5B9-4522-A3B5-AA4571AC8A3B}.Debug|Any CPU.ActiveCfg = Debug|Any CPU
		{BC59ED30-D5B9-4522-A3B5-AA4571AC8A3B}.Debug|Any CPU.Build.0 = Debug|Any CPU
		{BC59ED30-D5B9-4522-A3B5-AA4571AC8A3B}.Release|Any CPU.ActiveCfg = Release|Any CPU
		{BC59ED30-D5B9-4522-A3B5-AA4571AC8A3B}.Release|Any CPU.Build.0 = Release|Any CPU
		{30F0BD88-66EE-4BC8-8915-DA531E4BBAD4}.Debug|Any CPU.ActiveCfg = Debug|Any CPU
		{30F0BD88-66EE-4BC8-8915-DA531E4BBAD4}.Debug|Any CPU.Build.0 = Debug|Any CPU
		{30F0BD88-66EE-4BC8-8915-DA531E4BBAD4}.Release|Any CPU.ActiveCfg = Release|Any CPU
		{30F0BD88-66EE-4BC8-8915-DA531E4BBAD4}.Release|Any CPU.Build.0 = Release|Any CPU
	EndGlobalSection
	GlobalSection(SolutionProperties) = preSolution
		HideSolutionNode = FALSE
	EndGlobalSection
	GlobalSection(NestedProjects) = preSolution
		{0ADC4CB3-9FEF-438F-B98A-937A6FA7E543} = {2BE97BE7-B47D-439F-8AF0-CA97C36BCC8B}
		{30360472-5220-420F-8A1A-0C3ADF4F293A} = {2BE97BE7-B47D-439F-8AF0-CA97C36BCC8B}
		{EE1ACE1E-7B88-42C5-A820-D854F737CD3B} = {2BE97BE7-B47D-439F-8AF0-CA97C36BCC8B}
		{B345C073-E34F-4685-A2C9-38003D31865E} = {DDC6E9F5-8DC4-4597-9D23-51E10D97BDFE}
		{4826F680-D58D-4CE1-B412-2DAC61C480BB} = {61478B2C-77D6-44C9-B886-8EE8D6ECC698}
	EndGlobalSection
	GlobalSection(ExtensibilityGlobals) = postSolution
		SolutionGuid = {C80E9B85-8F1D-4A5F-B031-B1795B8CBEC4}
	EndGlobalSection
EndGlobal
