
Microsoft Visual Studio Solution File, Format Version 12.00
Project("{FAE04EC0-301F-11D3-BF4B-00C04F79EFBC}") = "SheepBot", "bot\SheepBot\SheepBot.csproj", "{85F9E35D-50C9-421C-A5F9-E0B29D1378FE}"
EndProject
Project("{FAE04EC0-301F-11D3-BF4B-00C04F79EFBC}") = "SheepBot.Domain", "SheepBot.Domain\SheepBot.Domain.csproj", "{6A1A74D5-9A39-41E4-8006-19AF306A4C38}"
EndProject
Project("{FAE04EC0-301F-11D3-BF4B-00C04F79EFBC}") = "SheepBot.Application", "SheepBot.Application\SheepBot.Application.csproj", "{9EDAAE2E-F1BA-4DBF-B531-79FA9334F48F}"
EndProject
Project("{FAE04EC0-301F-11D3-BF4B-00C04F79EFBC}") = "SheepBot.Infrastructure", "SheepBot.Infrastructure\SheepBot.Infrastructure.csproj", "{F8889050-7128-4DDB-AB61-5630860AC942}"
EndProject
Project("{FAE04EC0-301F-11D3-BF4B-00C04F79EFBC}") = "SheepBot.iRacing.Client", "SheepBot.iRacing.Client\SheepBot.iRacing.Client.csproj", "{3CA09602-3358-4716-B793-117CEC1BB4E0}"
EndProject
Project("{2150E333-8FDC-42A3-9474-1A3956D46DE8}") = "Tests", "Tests", "{61478B2C-77D6-44C9-B886-8EE8D6ECC698}"
EndProject
Project("{FAE04EC0-301F-11D3-BF4B-00C04F79EFBC}") = "SheepBot.iRacing.Client.Tests", "SheepBot.iRacing.Client.Tests\SheepBot.iRacing.Client.Tests.csproj", "{8D290C6C-30AF-4CF7-9770-BB6D2CCEB902}"
EndProject
Project("{FAE04EC0-301F-11D3-BF4B-00C04F79EFBC}") = "SheepBot.SyncWorkers", "SheepBot.SyncWorkers\SheepBot.SyncWorkers.csproj", "{BD407B69-0430-467C-999E-35F6CDF443F6}"
EndProject
Project("{2150E333-8FDC-42A3-9474-1A3956D46DE8}") = "Libraries", "Libraries", "{DDC6E9F5-8DC4-4597-9D23-51E10D97BDFE}"
EndProject
Project("{2150E333-8FDC-42A3-9474-1A3956D46DE8}") = "Application", "Application", "{2BE97BE7-B47D-439F-8AF0-CA97C36BCC8B}"
EndProject
Global
	GlobalSection(SolutionConfigurationPlatforms) = preSolution
		Debug|Any CPU = Debug|Any CPU
		Release|Any CPU = Release|Any CPU
	EndGlobalSection
	GlobalSection(ProjectConfigurationPlatforms) = postSolution
		{85F9E35D-50C9-421C-A5F9-E0B29D1378FE}.Debug|Any CPU.ActiveCfg = Debug|Any CPU
		{85F9E35D-50C9-421C-A5F9-E0B29D1378FE}.Debug|Any CPU.Build.0 = Debug|Any CPU
		{85F9E35D-50C9-421C-A5F9-E0B29D1378FE}.Release|Any CPU.ActiveCfg = Release|Any CPU
		{85F9E35D-50C9-421C-A5F9-E0B29D1378FE}.Release|Any CPU.Build.0 = Release|Any CPU
		{6A1A74D5-9A39-41E4-8006-19AF306A4C38}.Debug|Any CPU.ActiveCfg = Debug|Any CPU
		{6A1A74D5-9A39-41E4-8006-19AF306A4C38}.Debug|Any CPU.Build.0 = Debug|Any CPU
		{6A1A74D5-9A39-41E4-8006-19AF306A4C38}.Release|Any CPU.ActiveCfg = Release|Any CPU
		{6A1A74D5-9A39-41E4-8006-19AF306A4C38}.Release|Any CPU.Build.0 = Release|Any CPU
		{9EDAAE2E-F1BA-4DBF-B531-79FA9334F48F}.Debug|Any CPU.ActiveCfg = Debug|Any CPU
		{9EDAAE2E-F1BA-4DBF-B531-79FA9334F48F}.Debug|Any CPU.Build.0 = Debug|Any CPU
		{9EDAAE2E-F1BA-4DBF-B531-79FA9334F48F}.Release|Any CPU.ActiveCfg = Release|Any CPU
		{9EDAAE2E-F1BA-4DBF-B531-79FA9334F48F}.Release|Any CPU.Build.0 = Release|Any CPU
		{F8889050-7128-4DDB-AB61-5630860AC942}.Debug|Any CPU.ActiveCfg = Debug|Any CPU
		{F8889050-7128-4DDB-AB61-5630860AC942}.Debug|Any CPU.Build.0 = Debug|Any CPU
		{F8889050-7128-4DDB-AB61-5630860AC942}.Release|Any CPU.ActiveCfg = Release|Any CPU
		{F8889050-7128-4DDB-AB61-5630860AC942}.Release|Any CPU.Build.0 = Release|Any CPU
		{3CA09602-3358-4716-B793-117CEC1BB4E0}.Debug|Any CPU.ActiveCfg = Debug|Any CPU
		{3CA09602-3358-4716-B793-117CEC1BB4E0}.Debug|Any CPU.Build.0 = Debug|Any CPU
		{3CA09602-3358-4716-B793-117CEC1BB4E0}.Release|Any CPU.ActiveCfg = Release|Any CPU
		{3CA09602-3358-4716-B793-117CEC1BB4E0}.Release|Any CPU.Build.0 = Release|Any CPU
		{8D290C6C-30AF-4CF7-9770-BB6D2CCEB902}.Debug|Any CPU.ActiveCfg = Debug|Any CPU
		{8D290C6C-30AF-4CF7-9770-BB6D2CCEB902}.Debug|Any CPU.Build.0 = Debug|Any CPU
		{8D290C6C-30AF-4CF7-9770-BB6D2CCEB902}.Release|Any CPU.ActiveCfg = Release|Any CPU
		{8D290C6C-30AF-4CF7-9770-BB6D2CCEB902}.Release|Any CPU.Build.0 = Release|Any CPU
		{BD407B69-0430-467C-999E-35F6CDF443F6}.Debug|Any CPU.ActiveCfg = Debug|Any CPU
		{BD407B69-0430-467C-999E-35F6CDF443F6}.Debug|Any CPU.Build.0 = Debug|Any CPU
		{BD407B69-0430-467C-999E-35F6CDF443F6}.Release|Any CPU.ActiveCfg = Release|Any CPU
		{BD407B69-0430-467C-999E-35F6CDF443F6}.Release|Any CPU.Build.0 = Release|Any CPU
	EndGlobalSection
	GlobalSection(NestedProjects) = preSolution
		{8D290C6C-30AF-4CF7-9770-BB6D2CCEB902} = {61478B2C-77D6-44C9-B886-8EE8D6ECC698}
		{3CA09602-3358-4716-B793-117CEC1BB4E0} = {DDC6E9F5-8DC4-4597-9D23-51E10D97BDFE}
		{9EDAAE2E-F1BA-4DBF-B531-79FA9334F48F} = {2BE97BE7-B47D-439F-8AF0-CA97C36BCC8B}
		{6A1A74D5-9A39-41E4-8006-19AF306A4C38} = {2BE97BE7-B47D-439F-8AF0-CA97C36BCC8B}
		{F8889050-7128-4DDB-AB61-5630860AC942} = {2BE97BE7-B47D-439F-8AF0-CA97C36BCC8B}
	EndGlobalSection
EndGlobal
